version: 1.0
shards:
  ameba:
    github: veelenga/ameba
    version: 0.10.1

  any_hash:
    github: sija/any_hash.cr
    commit: 1907068cdbfc3ef9759954194472b82f9f19c6e4

  bitcoin_rpc:
    github: citizen428/bitcoin_rpc
    version: 5.0.0

  crometheus:
    gitlab: bigforcegun/crometheus
    commit: 42bec4e2d2ab92d2b3d2dc21ec443aaa9feb7555

  db:
    github: crystal-lang/crystal-db
    version: 0.7.0

  discordcr:
    github: greenbigfrog/discordcr
    commit: ce3a13c28e76976965d9bbaae88a02131da2b55f

  exception_page:
    github: crystal-loot/exception_page
    version: 0.1.2

  kemal:
    github: kemalcr/kemal
    commit: a4bdecdc7d17a3fa705db4e1c3360590f836cb5d

  kemal-csrf:
    github: kemalcr/kemal-csrf
    commit: ca640316ff615ecce660351e67682fc2e018fb7e

  kemal-session:
    github: kemalcr/kemal-session
    version: 0.12.0

  kemal-session-redis:
    github: greenbigfrog/kemal-session-redis
    commit: f67fc3ff99049d04f09b57df3719eb82aee22d86

  kilt:
    github: jeromegn/kilt
    version: 0.4.0

  mosquito:
    github: robacarp/mosquito
    version: 0.5.0

  pg:
    github: greenbigfrog/crystal-pg
    commit: 764797e80675906c05ca7a0b02c2839f6dbb4522

  pool:
    github: ysbaddaden/pool
    version: 0.2.3

  radix:
    github: luislavena/radix
    version: 0.3.9

  raven:
    github: sija/raven.cr
    version: 1.5.1

  redis:
    github: stefanwille/crystal-redis
    version: 2.1.1

  tb:
    github: greenbigfrog/tipbot-common
    commit: a1f61064313b02f200f05dedef379a9d905c4c90

  tb-worker:
    github: greenbigfrog/tipbot-worker
    commit: 1d9ef3697ca93b11a2b89d5778e5f6f4a24709dd

  twitcr:
    github: greenbigfrog/twitcr
    commit: e611e739d7177fbe5ee404e8b77e00bb584721cc

