version: 1.0
shards:
  ameba:
    github: veelenga/ameba
    version: 0.12.1

  any_hash:
    github: Sija/any_hash.cr
    version: 0.2.3

  bitcoin_rpc:
    github: citizen428/bitcoin_rpc
    version: 5.0.0

  crometheus:
    github: Darwinnn/crometheus
    commit: f51ab57a79b8702c58d0b6e1edea04b8d95f55da

  db:
    github: crystal-lang/crystal-db
    version: 0.9.0

  discordcr:
    github: greenbigfrog/discordcr
    commit: be3e9723e813c78fb702fb3c63b76ebe223a7991

  exception_page:
    github: crystal-loot/exception_page
    version: 0.1.4

  kemal:
    github: kemalcr/kemal
    commit: a8c0f09b858162bd13c96663febef5527b322a32

  kemal-csrf:
    github: kemalcr/kemal-csrf
    commit: ca640316ff615ecce660351e67682fc2e018fb7e

  kemal-session:
    github: kemalcr/kemal-session
    version: 0.12.0

  kemal-session-redis:
    github: greenbigfrog/kemal-session-redis
    commit: f67fc3ff99049d04f09b57df3719eb82aee22d86

  kilt:
    github: jeromegn/kilt
    version: 0.4.0

  mosquito:
    github: robacarp/mosquito
    version: 0.8.0

  pg:
    github: greenbigfrog/crystal-pg
    commit: eac915b064d5e895d842bc81e1c2f73e3461cba6

  pool:
    github: ysbaddaden/pool
    version: 0.2.3

  radix:
    github: luislavena/radix
    version: 0.3.9

  raven:
    github: sija/raven.cr
    commit: 000bbc306e7ddd348da8df4c2f96578bf03f07de

  redis:
    github: stefanwille/crystal-redis
    version: 2.6.0

  tb:
    github: greenbigfrog/tipbot-common
    commit: af0ff8289e1195492e37acc1b9b9b81d221d03f8

  tb-worker:
    github: greenbigfrog/tipbot-worker
    commit: 54c583e112083dc4027bc3eda32b1e74a1e6b01d

  twitcr:
    github: greenbigfrog/twitcr
    commit: 4f935e65c79a7b3bd55138cd49902b55c420f446

